
Microsoft Visual Studio Solution File, Format Version 12.00
# Visual Studio Version 17
VisualStudioVersion = 17.5.33530.505
MinimumVisualStudioVersion = 10.0.40219.1
Project("{2150E333-8FDC-42A3-9474-1A3956D46DE8}") = "src", "src", "{D652D43D-AF30-480E-A73A-92140AC74FCB}"
EndProject
Project("{2150E333-8FDC-42A3-9474-1A3956D46DE8}") = "API", "API", "{6D8D862C-7B95-4697-BCFB-7DA346698794}"
EndProject
Project("{2150E333-8FDC-42A3-9474-1A3956D46DE8}") = "Core", "Core", "{89F7EE2E-0631-4494-92D7-74D4F57D1980}"
EndProject
Project("{2150E333-8FDC-42A3-9474-1A3956D46DE8}") = "Infrastructure", "Infrastructure", "{9426D141-9986-46A7-9ADB-4A03D6D8BB26}"
EndProject
Project("{2150E333-8FDC-42A3-9474-1A3956D46DE8}") = "Tests", "Tests", "{2F3DC2EC-9266-4E7F-8160-FD9E07946247}"
EndProject
Project("{9A19103F-16F7-4668-BE54-9A1E7A4F7556}") = "WebShop.Domain", "WebShop.Domain\WebShop.Domain.csproj", "{927FB166-ED4A-42AE-9C4C-5706100F2FA8}"
EndProject
Project("{9A19103F-16F7-4668-BE54-9A1E7A4F7556}") = "WebShop.Application", "WebShop.Application\WebShop.Application.csproj", "{5DC1900C-E04E-435E-AE8A-BE14509C4547}"
EndProject
Project("{9A19103F-16F7-4668-BE54-9A1E7A4F7556}") = "WebShop.Persistence", "WebShop.Persistence\WebShop.Persistence.csproj", "{35039CCA-8BD9-4A2A-95A3-363A04ABCA6C}"
EndProject
Project("{9A19103F-16F7-4668-BE54-9A1E7A4F7556}") = "WebShop.API", "WebShop.API\WebShop.API.csproj", "{DCE939A6-A9B3-4CA6-B5EA-0C77D30EE3CD}"
EndProject
Project("{9A19103F-16F7-4668-BE54-9A1E7A4F7556}") = "WebShop.Infrastructure", "WebShop.Infrastructure\WebShop.Infrastructure.csproj", "{54B7810A-BFFA-43C9-9001-F928DFE64F10}"
EndProject
Project("{9A19103F-16F7-4668-BE54-9A1E7A4F7556}") = "WebShop.Appllication.UnitTests", "WebShop.Appllication.UnitTests\WebShop.Appllication.UnitTests.csproj", "{27BF4912-8278-4A72-ADED-F822DC4F2102}"
EndProject
Project("{FAE04EC0-301F-11D3-BF4B-00C04F79EFBC}") = "WebShop.API.IntegrationTests", "WebShop.API.IntegrationTests\WebShop.API.IntegrationTests.csproj", "{271A03B4-3A4F-4304-9AEA-6131D5A0C59D}"
EndProject
Global
	GlobalSection(SolutionConfigurationPlatforms) = preSolution
		Debug|Any CPU = Debug|Any CPU
		Release|Any CPU = Release|Any CPU
	EndGlobalSection
	GlobalSection(ProjectConfigurationPlatforms) = postSolution
		{927FB166-ED4A-42AE-9C4C-5706100F2FA8}.Debug|Any CPU.ActiveCfg = Debug|Any CPU
		{927FB166-ED4A-42AE-9C4C-5706100F2FA8}.Debug|Any CPU.Build.0 = Debug|Any CPU
		{927FB166-ED4A-42AE-9C4C-5706100F2FA8}.Release|Any CPU.ActiveCfg = Release|Any CPU
		{927FB166-ED4A-42AE-9C4C-5706100F2FA8}.Release|Any CPU.Build.0 = Release|Any CPU
		{5DC1900C-E04E-435E-AE8A-BE14509C4547}.Debug|Any CPU.ActiveCfg = Debug|Any CPU
		{5DC1900C-E04E-435E-AE8A-BE14509C4547}.Debug|Any CPU.Build.0 = Debug|Any CPU
		{5DC1900C-E04E-435E-AE8A-BE14509C4547}.Release|Any CPU.ActiveCfg = Release|Any CPU
		{5DC1900C-E04E-435E-AE8A-BE14509C4547}.Release|Any CPU.Build.0 = Release|Any CPU
		{35039CCA-8BD9-4A2A-95A3-363A04ABCA6C}.Debug|Any CPU.ActiveCfg = Debug|Any CPU
		{35039CCA-8BD9-4A2A-95A3-363A04ABCA6C}.Debug|Any CPU.Build.0 = Debug|Any CPU
		{35039CCA-8BD9-4A2A-95A3-363A04ABCA6C}.Release|Any CPU.ActiveCfg = Release|Any CPU
		{35039CCA-8BD9-4A2A-95A3-363A04ABCA6C}.Release|Any CPU.Build.0 = Release|Any CPU
		{DCE939A6-A9B3-4CA6-B5EA-0C77D30EE3CD}.Debug|Any CPU.ActiveCfg = Debug|Any CPU
		{DCE939A6-A9B3-4CA6-B5EA-0C77D30EE3CD}.Debug|Any CPU.Build.0 = Debug|Any CPU
		{DCE939A6-A9B3-4CA6-B5EA-0C77D30EE3CD}.Release|Any CPU.ActiveCfg = Release|Any CPU
		{DCE939A6-A9B3-4CA6-B5EA-0C77D30EE3CD}.Release|Any CPU.Build.0 = Release|Any CPU
		{54B7810A-BFFA-43C9-9001-F928DFE64F10}.Debug|Any CPU.ActiveCfg = Debug|Any CPU
		{54B7810A-BFFA-43C9-9001-F928DFE64F10}.Debug|Any CPU.Build.0 = Debug|Any CPU
		{54B7810A-BFFA-43C9-9001-F928DFE64F10}.Release|Any CPU.ActiveCfg = Release|Any CPU
		{54B7810A-BFFA-43C9-9001-F928DFE64F10}.Release|Any CPU.Build.0 = Release|Any CPU
		{27BF4912-8278-4A72-ADED-F822DC4F2102}.Debug|Any CPU.ActiveCfg = Debug|Any CPU
		{27BF4912-8278-4A72-ADED-F822DC4F2102}.Debug|Any CPU.Build.0 = Debug|Any CPU
		{27BF4912-8278-4A72-ADED-F822DC4F2102}.Release|Any CPU.ActiveCfg = Release|Any CPU
		{27BF4912-8278-4A72-ADED-F822DC4F2102}.Release|Any CPU.Build.0 = Release|Any CPU
		{271A03B4-3A4F-4304-9AEA-6131D5A0C59D}.Debug|Any CPU.ActiveCfg = Debug|Any CPU
		{271A03B4-3A4F-4304-9AEA-6131D5A0C59D}.Debug|Any CPU.Build.0 = Debug|Any CPU
		{271A03B4-3A4F-4304-9AEA-6131D5A0C59D}.Release|Any CPU.ActiveCfg = Release|Any CPU
		{271A03B4-3A4F-4304-9AEA-6131D5A0C59D}.Release|Any CPU.Build.0 = Release|Any CPU
	EndGlobalSection
	GlobalSection(SolutionProperties) = preSolution
		HideSolutionNode = FALSE
	EndGlobalSection
	GlobalSection(NestedProjects) = preSolution
		{6D8D862C-7B95-4697-BCFB-7DA346698794} = {D652D43D-AF30-480E-A73A-92140AC74FCB}
		{89F7EE2E-0631-4494-92D7-74D4F57D1980} = {D652D43D-AF30-480E-A73A-92140AC74FCB}
		{9426D141-9986-46A7-9ADB-4A03D6D8BB26} = {D652D43D-AF30-480E-A73A-92140AC74FCB}
		{927FB166-ED4A-42AE-9C4C-5706100F2FA8} = {89F7EE2E-0631-4494-92D7-74D4F57D1980}
		{5DC1900C-E04E-435E-AE8A-BE14509C4547} = {89F7EE2E-0631-4494-92D7-74D4F57D1980}
		{35039CCA-8BD9-4A2A-95A3-363A04ABCA6C} = {9426D141-9986-46A7-9ADB-4A03D6D8BB26}
		{DCE939A6-A9B3-4CA6-B5EA-0C77D30EE3CD} = {6D8D862C-7B95-4697-BCFB-7DA346698794}
		{54B7810A-BFFA-43C9-9001-F928DFE64F10} = {9426D141-9986-46A7-9ADB-4A03D6D8BB26}
		{27BF4912-8278-4A72-ADED-F822DC4F2102} = {2F3DC2EC-9266-4E7F-8160-FD9E07946247}
		{271A03B4-3A4F-4304-9AEA-6131D5A0C59D} = {2F3DC2EC-9266-4E7F-8160-FD9E07946247}
	EndGlobalSection
	GlobalSection(ExtensibilityGlobals) = postSolution
		SolutionGuid = {AB42F0D8-44B9-47DB-82FA-E0731527FD70}
	EndGlobalSection
EndGlobal
